// !$*UTF8*$!
{
	archiveVersion = 1;
	classes = {
	};
	objectVersion = 46;
	objects = {

/* Begin PBXAggregateTarget section */
		16D495C11EE6EBB900485D72 /* Mogenerator */ = {
			isa = PBXAggregateTarget;
			buildConfigurationList = 16D495C21EE6EBB900485D72 /* Build configuration list for PBXAggregateTarget "Mogenerator" */;
			buildPhases = (
				16D495C51EE6EBC000485D72 /* ShellScript */,
			);
			dependencies = (
			);
			name = Mogenerator;
			productName = Mogenerator;
		};
/* End PBXAggregateTarget section */

/* Begin PBXBuildFile section */
		1619D2A41EE6EA32000B8B6A /* AppDelegate.swift in Sources */ = {isa = PBXBuildFile; fileRef = 1619D2A31EE6EA32000B8B6A /* AppDelegate.swift */; };
		1619D2A91EE6EA32000B8B6A /* Main.storyboard in Resources */ = {isa = PBXBuildFile; fileRef = 1619D2A71EE6EA32000B8B6A /* Main.storyboard */; };
		1619D2AB1EE6EA32000B8B6A /* Assets.xcassets in Resources */ = {isa = PBXBuildFile; fileRef = 1619D2AA1EE6EA32000B8B6A /* Assets.xcassets */; };
		1619D2AE1EE6EA32000B8B6A /* LaunchScreen.storyboard in Resources */ = {isa = PBXBuildFile; fileRef = 1619D2AC1EE6EA32000B8B6A /* LaunchScreen.storyboard */; };
		16D495BC1EE6EB1400485D72 /* Model.xcdatamodeld in Sources */ = {isa = PBXBuildFile; fileRef = 16D495BA1EE6EB1400485D72 /* Model.xcdatamodeld */; };
		16D495CD1EE6EC3700485D72 /* Helper.swift in Sources */ = {isa = PBXBuildFile; fileRef = 16D495CC1EE6EC3700485D72 /* Helper.swift */; };
		16D495D01EE6EC4300485D72 /* DogTableViewCell.xib in Resources */ = {isa = PBXBuildFile; fileRef = 16D495CE1EE6EC4300485D72 /* DogTableViewCell.xib */; };
		16D495D11EE6EC4300485D72 /* DogTableViewCell.swift in Sources */ = {isa = PBXBuildFile; fileRef = 16D495CF1EE6EC4300485D72 /* DogTableViewCell.swift */; };
		16D495D31EE6EC4F00485D72 /* CoreDataManager.swift in Sources */ = {isa = PBXBuildFile; fileRef = 16D495D21EE6EC4F00485D72 /* CoreDataManager.swift */; };
		16D495D61EE6EC5B00485D72 /* AddDogViewController.swift in Sources */ = {isa = PBXBuildFile; fileRef = 16D495D41EE6EC5B00485D72 /* AddDogViewController.swift */; };
		16D495D71EE6EC5B00485D72 /* DogsViewController.swift in Sources */ = {isa = PBXBuildFile; fileRef = 16D495D51EE6EC5B00485D72 /* DogsViewController.swift */; };
		16D495DB1EE6F06800485D72 /* _Dog.swift in Sources */ = {isa = PBXBuildFile; fileRef = 16D495DA1EE6F06800485D72 /* _Dog.swift */; };
		16D495DD1EE6F12300485D72 /* Dog.swift in Sources */ = {isa = PBXBuildFile; fileRef = 16D495DC1EE6F12300485D72 /* Dog.swift */; };
		C29C7C9B77EF38D18B6B9FFF /* Pods_Tarea4.framework in Frameworks */ = {isa = PBXBuildFile; fileRef = 7FBEE11199FA88D9D6785F8F /* Pods_Tarea4.framework */; };
/* End PBXBuildFile section */

/* Begin PBXFileReference section */
		1619D2A01EE6EA32000B8B6A /* Tarea4.app */ = {isa = PBXFileReference; explicitFileType = wrapper.application; includeInIndex = 0; path = Tarea4.app; sourceTree = BUILT_PRODUCTS_DIR; };
		1619D2A31EE6EA32000B8B6A /* AppDelegate.swift */ = {isa = PBXFileReference; lastKnownFileType = sourcecode.swift; path = AppDelegate.swift; sourceTree = "<group>"; };
		1619D2A81EE6EA32000B8B6A /* Base */ = {isa = PBXFileReference; lastKnownFileType = file.storyboard; name = Base; path = Base.lproj/Main.storyboard; sourceTree = "<group>"; };
		1619D2AA1EE6EA32000B8B6A /* Assets.xcassets */ = {isa = PBXFileReference; lastKnownFileType = folder.assetcatalog; path = Assets.xcassets; sourceTree = "<group>"; };
		1619D2AD1EE6EA32000B8B6A /* Base */ = {isa = PBXFileReference; lastKnownFileType = file.storyboard; name = Base; path = Base.lproj/LaunchScreen.storyboard; sourceTree = "<group>"; };
		1619D2AF1EE6EA32000B8B6A /* Info.plist */ = {isa = PBXFileReference; lastKnownFileType = text.plist.xml; path = Info.plist; sourceTree = "<group>"; };
		16D495BB1EE6EB1400485D72 /* Model.xcdatamodel */ = {isa = PBXFileReference; lastKnownFileType = wrapper.xcdatamodel; path = Model.xcdatamodel; sourceTree = "<group>"; };
		16D495CC1EE6EC3700485D72 /* Helper.swift */ = {isa = PBXFileReference; fileEncoding = 4; lastKnownFileType = sourcecode.swift; path = Helper.swift; sourceTree = "<group>"; };
		16D495CE1EE6EC4300485D72 /* DogTableViewCell.xib */ = {isa = PBXFileReference; fileEncoding = 4; lastKnownFileType = file.xib; path = DogTableViewCell.xib; sourceTree = "<group>"; };
		16D495CF1EE6EC4300485D72 /* DogTableViewCell.swift */ = {isa = PBXFileReference; fileEncoding = 4; lastKnownFileType = sourcecode.swift; path = DogTableViewCell.swift; sourceTree = "<group>"; };
		16D495D21EE6EC4F00485D72 /* CoreDataManager.swift */ = {isa = PBXFileReference; fileEncoding = 4; lastKnownFileType = sourcecode.swift; path = CoreDataManager.swift; sourceTree = "<group>"; };
		16D495D41EE6EC5B00485D72 /* AddDogViewController.swift */ = {isa = PBXFileReference; fileEncoding = 4; lastKnownFileType = sourcecode.swift; path = AddDogViewController.swift; sourceTree = "<group>"; };
		16D495D51EE6EC5B00485D72 /* DogsViewController.swift */ = {isa = PBXFileReference; fileEncoding = 4; lastKnownFileType = sourcecode.swift; path = DogsViewController.swift; sourceTree = "<group>"; };
		16D495DA1EE6F06800485D72 /* _Dog.swift */ = {isa = PBXFileReference; fileEncoding = 4; lastKnownFileType = sourcecode.swift; name = _Dog.swift; path = CoreData/_Dog.swift; sourceTree = "<group>"; };
		16D495DC1EE6F12300485D72 /* Dog.swift */ = {isa = PBXFileReference; fileEncoding = 4; lastKnownFileType = sourcecode.swift; name = Dog.swift; path = CoreData/Dog.swift; sourceTree = "<group>"; };
		216048C28FECFA3C3030E5E2 /* Pods-Tarea4.debug.xcconfig */ = {isa = PBXFileReference; includeInIndex = 1; lastKnownFileType = text.xcconfig; name = "Pods-Tarea4.debug.xcconfig"; path = "Pods/Target Support Files/Pods-Tarea4/Pods-Tarea4.debug.xcconfig"; sourceTree = "<group>"; };
		6C43CAC6190E23EBB8240AFC /* Pods-Tarea4.release.xcconfig */ = {isa = PBXFileReference; includeInIndex = 1; lastKnownFileType = text.xcconfig; name = "Pods-Tarea4.release.xcconfig"; path = "Pods/Target Support Files/Pods-Tarea4/Pods-Tarea4.release.xcconfig"; sourceTree = "<group>"; };
		7FBEE11199FA88D9D6785F8F /* Pods_Tarea4.framework */ = {isa = PBXFileReference; explicitFileType = wrapper.framework; includeInIndex = 0; path = Pods_Tarea4.framework; sourceTree = BUILT_PRODUCTS_DIR; };
/* End PBXFileReference section */

/* Begin PBXFrameworksBuildPhase section */
		1619D29D1EE6EA32000B8B6A /* Frameworks */ = {
			isa = PBXFrameworksBuildPhase;
			buildActionMask = 2147483647;
			files = (
				C29C7C9B77EF38D18B6B9FFF /* Pods_Tarea4.framework in Frameworks */,
			);
			runOnlyForDeploymentPostprocessing = 0;
		};
/* End PBXFrameworksBuildPhase section */

/* Begin PBXGroup section */
		1619D2971EE6EA32000B8B6A = {
			isa = PBXGroup;
			children = (
				1619D2A21EE6EA32000B8B6A /* Tarea4 */,
				1619D2A11EE6EA32000B8B6A /* Products */,
				F124E8F770D4C6CE206F8340 /* Pods */,
				3D3EA7AB045AF4C80FBAEB98 /* Frameworks */,
			);
			sourceTree = "<group>";
		};
		1619D2A11EE6EA32000B8B6A /* Products */ = {
			isa = PBXGroup;
			children = (
				1619D2A01EE6EA32000B8B6A /* Tarea4.app */,
			);
			name = Products;
			sourceTree = "<group>";
		};
		1619D2A21EE6EA32000B8B6A /* Tarea4 */ = {
			isa = PBXGroup;
			children = (
				16D495D41EE6EC5B00485D72 /* AddDogViewController.swift */,
				1619D2A31EE6EA32000B8B6A /* AppDelegate.swift */,
				1619D2AA1EE6EA32000B8B6A /* Assets.xcassets */,
				16D495BF1EE6EB5B00485D72 /* CoreData */,
				16D495BD1EE6EB4500485D72 /* CustomCells */,
				16D495D51EE6EC5B00485D72 /* DogsViewController.swift */,
				16D495BE1EE6EB5200485D72 /* Extensions */,
				1619D2AF1EE6EA32000B8B6A /* Info.plist */,
				1619D2AC1EE6EA32000B8B6A /* LaunchScreen.storyboard */,
				1619D2A71EE6EA32000B8B6A /* Main.storyboard */,
			);
			path = Tarea4;
			sourceTree = "<group>";
		};
		16D495BD1EE6EB4500485D72 /* CustomCells */ = {
			isa = PBXGroup;
			children = (
				16D495CE1EE6EC4300485D72 /* DogTableViewCell.xib */,
				16D495CF1EE6EC4300485D72 /* DogTableViewCell.swift */,
			);
			name = CustomCells;
			sourceTree = "<group>";
		};
		16D495BE1EE6EB5200485D72 /* Extensions */ = {
			isa = PBXGroup;
			children = (
				16D495CC1EE6EC3700485D72 /* Helper.swift */,
			);
			name = Extensions;
			sourceTree = "<group>";
		};
		16D495BF1EE6EB5B00485D72 /* CoreData */ = {
			isa = PBXGroup;
			children = (
				16D495D21EE6EC4F00485D72 /* CoreDataManager.swift */,
				16D495C71EE6EC1000485D72 /* MachineFiles */,
				16D495C61EE6EC0900485D72 /* HumanFiles */,
				16D495BA1EE6EB1400485D72 /* Model.xcdatamodeld */,
			);
			name = CoreData;
			sourceTree = "<group>";
		};
		16D495C61EE6EC0900485D72 /* HumanFiles */ = {
			isa = PBXGroup;
			children = (
				16D495DC1EE6F12300485D72 /* Dog.swift */,
			);
			name = HumanFiles;
			sourceTree = "<group>";
		};
		16D495C71EE6EC1000485D72 /* MachineFiles */ = {
			isa = PBXGroup;
			children = (
				16D495DA1EE6F06800485D72 /* _Dog.swift */,
			);
			name = MachineFiles;
			sourceTree = "<group>";
		};
		3D3EA7AB045AF4C80FBAEB98 /* Frameworks */ = {
			isa = PBXGroup;
			children = (
				7FBEE11199FA88D9D6785F8F /* Pods_Tarea4.framework */,
			);
			name = Frameworks;
			sourceTree = "<group>";
		};
		F124E8F770D4C6CE206F8340 /* Pods */ = {
			isa = PBXGroup;
			children = (
				216048C28FECFA3C3030E5E2 /* Pods-Tarea4.debug.xcconfig */,
				6C43CAC6190E23EBB8240AFC /* Pods-Tarea4.release.xcconfig */,
			);
			name = Pods;
			sourceTree = "<group>";
		};
/* End PBXGroup section */

/* Begin PBXNativeTarget section */
		1619D29F1EE6EA32000B8B6A /* Tarea4 */ = {
			isa = PBXNativeTarget;
			buildConfigurationList = 1619D2B21EE6EA32000B8B6A /* Build configuration list for PBXNativeTarget "Tarea4" */;
			buildPhases = (
				0A3CC60895822C9EC1199C2A /* [CP] Check Pods Manifest.lock */,
				1619D29C1EE6EA32000B8B6A /* Sources */,
				1619D29D1EE6EA32000B8B6A /* Frameworks */,
				1619D29E1EE6EA32000B8B6A /* Resources */,
				F97B642BCFD0689D6AF9F8A1 /* [CP] Embed Pods Frameworks */,
				CB86C332E0721032309888E8 /* [CP] Copy Pods Resources */,
			);
			buildRules = (
			);
			dependencies = (
			);
			name = Tarea4;
			productName = Tarea4;
			productReference = 1619D2A01EE6EA32000B8B6A /* Tarea4.app */;
			productType = "com.apple.product-type.application";
		};
/* End PBXNativeTarget section */

/* Begin PBXProject section */
		1619D2981EE6EA32000B8B6A /* Project object */ = {
			isa = PBXProject;
			attributes = {
				LastSwiftUpdateCheck = 0830;
				LastUpgradeCheck = 0830;
				ORGANIZATIONNAME = PIPO;
				TargetAttributes = {
					1619D29F1EE6EA32000B8B6A = {
						CreatedOnToolsVersion = 8.3.2;
						ProvisioningStyle = Automatic;
					};
					16D495C11EE6EBB900485D72 = {
						CreatedOnToolsVersion = 8.3.2;
						ProvisioningStyle = Automatic;
					};
				};
			};
			buildConfigurationList = 1619D29B1EE6EA32000B8B6A /* Build configuration list for PBXProject "Tarea4" */;
			compatibilityVersion = "Xcode 3.2";
			developmentRegion = English;
			hasScannedForEncodings = 0;
			knownRegions = (
				en,
				Base,
			);
			mainGroup = 1619D2971EE6EA32000B8B6A;
			productRefGroup = 1619D2A11EE6EA32000B8B6A /* Products */;
			projectDirPath = "";
			projectRoot = "";
			targets = (
				1619D29F1EE6EA32000B8B6A /* Tarea4 */,
				16D495C11EE6EBB900485D72 /* Mogenerator */,
			);
		};
/* End PBXProject section */

/* Begin PBXResourcesBuildPhase section */
		1619D29E1EE6EA32000B8B6A /* Resources */ = {
			isa = PBXResourcesBuildPhase;
			buildActionMask = 2147483647;
			files = (
				1619D2AE1EE6EA32000B8B6A /* LaunchScreen.storyboard in Resources */,
				1619D2AB1EE6EA32000B8B6A /* Assets.xcassets in Resources */,
				16D495D01EE6EC4300485D72 /* DogTableViewCell.xib in Resources */,
				1619D2A91EE6EA32000B8B6A /* Main.storyboard in Resources */,
			);
			runOnlyForDeploymentPostprocessing = 0;
		};
/* End PBXResourcesBuildPhase section */

/* Begin PBXShellScriptBuildPhase section */
		0A3CC60895822C9EC1199C2A /* [CP] Check Pods Manifest.lock */ = {
			isa = PBXShellScriptBuildPhase;
			buildActionMask = 2147483647;
			files = (
			);
			inputPaths = (
			);
			name = "[CP] Check Pods Manifest.lock";
			outputPaths = (
			);
			runOnlyForDeploymentPostprocessing = 0;
			shellPath = /bin/sh;
			shellScript = "diff \"${PODS_PODFILE_DIR_PATH}/Podfile.lock\" \"${PODS_ROOT}/Manifest.lock\" > /dev/null\nif [ $? != 0 ] ; then\n    # print error to STDERR\n    echo \"error: The sandbox is not in sync with the Podfile.lock. Run 'pod install' or update your CocoaPods installation.\" >&2\n    exit 1\nfi\n";
			showEnvVarsInLog = 0;
		};
		16D495C51EE6EBC000485D72 /* ShellScript */ = {
			isa = PBXShellScriptBuildPhase;
			buildActionMask = 2147483647;
			files = (
			);
			inputPaths = (
			);
			outputPaths = (
			);
			runOnlyForDeploymentPostprocessing = 0;
			shellPath = /bin/sh;
			shellScript = "mogenerator -m Tarea4/Model.xcdatamodeld -O Tarea4/CoreData --swift --template-var arc=true";
		};
		CB86C332E0721032309888E8 /* [CP] Copy Pods Resources */ = {
			isa = PBXShellScriptBuildPhase;
			buildActionMask = 2147483647;
			files = (
			);
			inputPaths = (
			);
			name = "[CP] Copy Pods Resources";
			outputPaths = (
			);
			runOnlyForDeploymentPostprocessing = 0;
			shellPath = /bin/sh;
			shellScript = "\"${SRCROOT}/Pods/Target Support Files/Pods-Tarea4/Pods-Tarea4-resources.sh\"\n";
			showEnvVarsInLog = 0;
		};
		F97B642BCFD0689D6AF9F8A1 /* [CP] Embed Pods Frameworks */ = {
			isa = PBXShellScriptBuildPhase;
			buildActionMask = 2147483647;
			files = (
			);
			inputPaths = (
			);
			name = "[CP] Embed Pods Frameworks";
			outputPaths = (
			);
			runOnlyForDeploymentPostprocessing = 0;
			shellPath = /bin/sh;
			shellScript = "\"${SRCROOT}/Pods/Target Support Files/Pods-Tarea4/Pods-Tarea4-frameworks.sh\"\n";
			showEnvVarsInLog = 0;
		};
/* End PBXShellScriptBuildPhase section */

/* Begin PBXSourcesBuildPhase section */
		1619D29C1EE6EA32000B8B6A /* Sources */ = {
			isa = PBXSourcesBuildPhase;
			buildActionMask = 2147483647;
			files = (
				16D495D61EE6EC5B00485D72 /* AddDogViewController.swift in Sources */,
				1619D2A41EE6EA32000B8B6A /* AppDelegate.swift in Sources */,
				16D495D11EE6EC4300485D72 /* DogTableViewCell.swift in Sources */,
				16D495BC1EE6EB1400485D72 /* Model.xcdatamodeld in Sources */,
				16D495D71EE6EC5B00485D72 /* DogsViewController.swift in Sources */,
				16D495DD1EE6F12300485D72 /* Dog.swift in Sources */,
				16D495D31EE6EC4F00485D72 /* CoreDataManager.swift in Sources */,
				16D495DB1EE6F06800485D72 /* _Dog.swift in Sources */,
				16D495CD1EE6EC3700485D72 /* Helper.swift in Sources */,
			);
			runOnlyForDeploymentPostprocessing = 0;
		};
/* End PBXSourcesBuildPhase section */

/* Begin PBXVariantGroup section */
		1619D2A71EE6EA32000B8B6A /* Main.storyboard */ = {
			isa = PBXVariantGroup;
			children = (
				1619D2A81EE6EA32000B8B6A /* Base */,
			);
			name = Main.storyboard;
			sourceTree = "<group>";
		};
		1619D2AC1EE6EA32000B8B6A /* LaunchScreen.storyboard */ = {
			isa = PBXVariantGroup;
			children = (
				1619D2AD1EE6EA32000B8B6A /* Base */,
			);
			name = LaunchScreen.storyboard;
			sourceTree = "<group>";
		};
/* End PBXVariantGroup section */

/* Begin XCBuildConfiguration section */
		1619D2B01EE6EA32000B8B6A /* Debug */ = {
			isa = XCBuildConfiguration;
			buildSettings = {
				ALWAYS_SEARCH_USER_PATHS = NO;
				CLANG_ANALYZER_NONNULL = YES;
				CLANG_ANALYZER_NUMBER_OBJECT_CONVERSION = YES_AGGRESSIVE;
				CLANG_CXX_LANGUAGE_STANDARD = "gnu++0x";
				CLANG_CXX_LIBRARY = "libc++";
				CLANG_ENABLE_MODULES = YES;
				CLANG_ENABLE_OBJC_ARC = YES;
				CLANG_WARN_BOOL_CONVERSION = YES;
				CLANG_WARN_CONSTANT_CONVERSION = YES;
				CLANG_WARN_DIRECT_OBJC_ISA_USAGE = YES_ERROR;
				CLANG_WARN_DOCUMENTATION_COMMENTS = YES;
				CLANG_WARN_EMPTY_BODY = YES;
				CLANG_WARN_ENUM_CONVERSION = YES;
				CLANG_WARN_INFINITE_RECURSION = YES;
				CLANG_WARN_INT_CONVERSION = YES;
				CLANG_WARN_OBJC_ROOT_CLASS = YES_ERROR;
				CLANG_WARN_SUSPICIOUS_MOVE = YES;
				CLANG_WARN_UNREACHABLE_CODE = YES;
				CLANG_WARN__DUPLICATE_METHOD_MATCH = YES;
				"CODE_SIGN_IDENTITY[sdk=iphoneos*]" = "iPhone Developer";
				COPY_PHASE_STRIP = NO;
				DEBUG_INFORMATION_FORMAT = dwarf;
				ENABLE_STRICT_OBJC_MSGSEND = YES;
				ENABLE_TESTABILITY = YES;
				GCC_C_LANGUAGE_STANDARD = gnu99;
				GCC_DYNAMIC_NO_PIC = NO;
				GCC_NO_COMMON_BLOCKS = YES;
				GCC_OPTIMIZATION_LEVEL = 0;
				GCC_PREPROCESSOR_DEFINITIONS = (
					"DEBUG=1",
					"$(inherited)",
				);
				GCC_WARN_64_TO_32_BIT_CONVERSION = YES;
				GCC_WARN_ABOUT_RETURN_TYPE = YES_ERROR;
				GCC_WARN_UNDECLARED_SELECTOR = YES;
				GCC_WARN_UNINITIALIZED_AUTOS = YES_AGGRESSIVE;
				GCC_WARN_UNUSED_FUNCTION = YES;
				GCC_WARN_UNUSED_VARIABLE = YES;
				IPHONEOS_DEPLOYMENT_TARGET = 10.3;
				MTL_ENABLE_DEBUG_INFO = YES;
				ONLY_ACTIVE_ARCH = YES;
				SDKROOT = iphoneos;
				SWIFT_ACTIVE_COMPILATION_CONDITIONS = DEBUG;
				SWIFT_OPTIMIZATION_LEVEL = "-Onone";
			};
			name = Debug;
		};
		1619D2B11EE6EA32000B8B6A /* Release */ = {
			isa = XCBuildConfiguration;
			buildSettings = {
				ALWAYS_SEARCH_USER_PATHS = NO;
				CLANG_ANALYZER_NONNULL = YES;
				CLANG_ANALYZER_NUMBER_OBJECT_CONVERSION = YES_AGGRESSIVE;
				CLANG_CXX_LANGUAGE_STANDARD = "gnu++0x";
				CLANG_CXX_LIBRARY = "libc++";
				CLANG_ENABLE_MODULES = YES;
				CLANG_ENABLE_OBJC_ARC = YES;
				CLANG_WARN_BOOL_CONVERSION = YES;
				CLANG_WARN_CONSTANT_CONVERSION = YES;
				CLANG_WARN_DIRECT_OBJC_ISA_USAGE = YES_ERROR;
				CLANG_WARN_DOCUMENTATION_COMMENTS = YES;
				CLANG_WARN_EMPTY_BODY = YES;
				CLANG_WARN_ENUM_CONVERSION = YES;
				CLANG_WARN_INFINITE_RECURSION = YES;
				CLANG_WARN_INT_CONVERSION = YES;
				CLANG_WARN_OBJC_ROOT_CLASS = YES_ERROR;
				CLANG_WARN_SUSPICIOUS_MOVE = YES;
				CLANG_WARN_UNREACHABLE_CODE = YES;
				CLANG_WARN__DUPLICATE_METHOD_MATCH = YES;
				"CODE_SIGN_IDENTITY[sdk=iphoneos*]" = "iPhone Developer";
				COPY_PHASE_STRIP = NO;
				DEBUG_INFORMATION_FORMAT = "dwarf-with-dsym";
				ENABLE_NS_ASSERTIONS = NO;
				ENABLE_STRICT_OBJC_MSGSEND = YES;
				GCC_C_LANGUAGE_STANDARD = gnu99;
				GCC_NO_COMMON_BLOCKS = YES;
				GCC_WARN_64_TO_32_BIT_CONVERSION = YES;
				GCC_WARN_ABOUT_RETURN_TYPE = YES_ERROR;
				GCC_WARN_UNDECLARED_SELECTOR = YES;
				GCC_WARN_UNINITIALIZED_AUTOS = YES_AGGRESSIVE;
				GCC_WARN_UNUSED_FUNCTION = YES;
				GCC_WARN_UNUSED_VARIABLE = YES;
				IPHONEOS_DEPLOYMENT_TARGET = 10.3;
				MTL_ENABLE_DEBUG_INFO = NO;
				SDKROOT = iphoneos;
				SWIFT_OPTIMIZATION_LEVEL = "-Owholemodule";
				VALIDATE_PRODUCT = YES;
			};
			name = Release;
		};
		1619D2B31EE6EA32000B8B6A /* Debug */ = {
			isa = XCBuildConfiguration;
			baseConfigurationReference = 216048C28FECFA3C3030E5E2 /* Pods-Tarea4.debug.xcconfig */;
			buildSettings = {
				ASSETCATALOG_COMPILER_APPICON_NAME = AppIcon;
				INFOPLIST_FILE = Tarea4/Info.plist;
				LD_RUNPATH_SEARCH_PATHS = "$(inherited) @executable_path/Frameworks";
				PRODUCT_BUNDLE_IDENTIFIER = com.pipo.Tarea4;
				PRODUCT_NAME = "$(TARGET_NAME)";
				SWIFT_VERSION = 3.0;
			};
			name = Debug;
		};
		1619D2B41EE6EA32000B8B6A /* Release */ = {
			isa = XCBuildConfiguration;
			baseConfigurationReference = 6C43CAC6190E23EBB8240AFC /* Pods-Tarea4.release.xcconfig */;
			buildSettings = {
				ASSETCATALOG_COMPILER_APPICON_NAME = AppIcon;
				INFOPLIST_FILE = Tarea4/Info.plist;
				LD_RUNPATH_SEARCH_PATHS = "$(inherited) @executable_path/Frameworks";
				PRODUCT_BUNDLE_IDENTIFIER = com.pipo.Tarea4;
				PRODUCT_NAME = "$(TARGET_NAME)";
				SWIFT_VERSION = 3.0;
			};
			name = Release;
		};
		16D495C31EE6EBB900485D72 /* Debug */ = {
			isa = XCBuildConfiguration;
			buildSettings = {
				PRODUCT_NAME = "$(TARGET_NAME)";
			};
			name = Debug;
		};
		16D495C41EE6EBB900485D72 /* Release */ = {
			isa = XCBuildConfiguration;
			buildSettings = {
				PRODUCT_NAME = "$(TARGET_NAME)";
			};
			name = Release;
		};
/* End XCBuildConfiguration section */

/* Begin XCConfigurationList section */
		1619D29B1EE6EA32000B8B6A /* Build configuration list for PBXProject "Tarea4" */ = {
			isa = XCConfigurationList;
			buildConfigurations = (
				1619D2B01EE6EA32000B8B6A /* Debug */,
				1619D2B11EE6EA32000B8B6A /* Release */,
			);
			defaultConfigurationIsVisible = 0;
			defaultConfigurationName = Release;
		};
		1619D2B21EE6EA32000B8B6A /* Build configuration list for PBXNativeTarget "Tarea4" */ = {
			isa = XCConfigurationList;
			buildConfigurations = (
				1619D2B31EE6EA32000B8B6A /* Debug */,
				1619D2B41EE6EA32000B8B6A /* Release */,
			);
			defaultConfigurationIsVisible = 0;
			defaultConfigurationName = Release;
		};
		16D495C21EE6EBB900485D72 /* Build configuration list for PBXAggregateTarget "Mogenerator" */ = {
			isa = XCConfigurationList;
			buildConfigurations = (
				16D495C31EE6EBB900485D72 /* Debug */,
				16D495C41EE6EBB900485D72 /* Release */,
			);
			defaultConfigurationIsVisible = 0;
		};
/* End XCConfigurationList section */

/* Begin XCVersionGroup section */
		16D495BA1EE6EB1400485D72 /* Model.xcdatamodeld */ = {
			isa = XCVersionGroup;
			children = (
				16D495BB1EE6EB1400485D72 /* Model.xcdatamodel */,
			);
			currentVersion = 16D495BB1EE6EB1400485D72 /* Model.xcdatamodel */;
			path = Model.xcdatamodeld;
			sourceTree = "<group>";
			versionGroupType = wrapper.xcdatamodel;
		};
/* End XCVersionGroup section */
	};
	rootObject = 1619D2981EE6EA32000B8B6A /* Project object */;
}
